
Microsoft Visual Studio Solution File, Format Version 12.00
# Visual Studio 2012
Project("{FAE04EC0-301F-11D3-BF4B-00C04F79EFBC}") = "NewRelicXamarin.iOS", "NewRelicXamarin.iOS.csproj", "{A0338F1A-D308-4575-996A-68203F95EF44}"
EndProject
Global
	GlobalSection(SolutionConfigurationPlatforms) = preSolution
		Debug|Any CPU = Debug|Any CPU
		Release|Any CPU = Release|Any CPU
	EndGlobalSection
	GlobalSection(ProjectConfigurationPlatforms) = postSolution
		{A0338F1A-D308-4575-996A-68203F95EF44}.Debug|Any CPU.ActiveCfg = Debug|Any CPU
		{A0338F1A-D308-4575-996A-68203F95EF44}.Debug|Any CPU.Build.0 = Debug|Any CPU
		{A0338F1A-D308-4575-996A-68203F95EF44}.Release|Any CPU.ActiveCfg = Release|Any CPU
		{A0338F1A-D308-4575-996A-68203F95EF44}.Release|Any CPU.Build.0 = Release|Any CPU
	EndGlobalSection
EndGlobal
